// !$*UTF8*$!
{
	archiveVersion = 1;
	classes = {
	};
	objectVersion = 52;
	objects = {

/* Begin PBXBuildFile section */
		6D49799925A4B5E3003E7C00 /* utils.swift in Sources */ = {isa = PBXBuildFile; fileRef = 6D49799825A4B5E3003E7C00 /* utils.swift */; };
		6D5006CF25A47E51003909FE /* aocinf.swift in Sources */ = {isa = PBXBuildFile; fileRef = 6D5006CE25A47E51003909FE /* aocinf.swift */; };
		6D5006D425A48104003909FE /* day1.swift in Sources */ = {isa = PBXBuildFile; fileRef = 6D5006D325A48104003909FE /* day1.swift */; };
		6DE2D5A425A4CC7600989650 /* day2.swift in Sources */ = {isa = PBXBuildFile; fileRef = 6DE2D5A325A4CC7600989650 /* day2.swift */; };
		6DE2D5A725A503B100989650 /* day3.swift in Sources */ = {isa = PBXBuildFile; fileRef = 6DE2D5A625A503B100989650 /* day3.swift */; };
		6DECC76B2577CF4500C0940E /* main.swift in Sources */ = {isa = PBXBuildFile; fileRef = 6DECC76A2577CF4500C0940E /* main.swift */; };
		6DECC7742577D00700C0940E /* ArgumentParser in Frameworks */ = {isa = PBXBuildFile; productRef = 6DECC7732577D00700C0940E /* ArgumentParser */; };
/* End PBXBuildFile section */

/* Begin PBXCopyFilesBuildPhase section */
		6DECC7652577CF4400C0940E /* CopyFiles */ = {
			isa = PBXCopyFilesBuildPhase;
			buildActionMask = 2147483647;
			dstPath = /usr/share/man/man1/;
			dstSubfolderSpec = 0;
			files = (
			);
			runOnlyForDeploymentPostprocessing = 1;
		};
/* End PBXCopyFilesBuildPhase section */

/* Begin PBXFileReference section */
		6D49799825A4B5E3003E7C00 /* utils.swift */ = {isa = PBXFileReference; lastKnownFileType = sourcecode.swift; path = utils.swift; sourceTree = "<group>"; };
		6D5006CE25A47E51003909FE /* aocinf.swift */ = {isa = PBXFileReference; lastKnownFileType = sourcecode.swift; path = aocinf.swift; sourceTree = "<group>"; };
		6D5006D325A48104003909FE /* day1.swift */ = {isa = PBXFileReference; lastKnownFileType = sourcecode.swift; path = day1.swift; sourceTree = "<group>"; };
		6D5006D825A48690003909FE /* day1-sample.txt */ = {isa = PBXFileReference; lastKnownFileType = text; path = "day1-sample.txt"; sourceTree = "<group>"; };
		6DE2D5A325A4CC7600989650 /* day2.swift */ = {isa = PBXFileReference; lastKnownFileType = sourcecode.swift; path = day2.swift; sourceTree = "<group>"; };
		6DE2D5A625A503B100989650 /* day3.swift */ = {isa = PBXFileReference; lastKnownFileType = sourcecode.swift; path = day3.swift; sourceTree = "<group>"; };
		6DE2D5A925A51AD900989650 /* README.md */ = {isa = PBXFileReference; lastKnownFileType = net.daringfireball.markdown; path = README.md; sourceTree = "<group>"; };
		6DECC7672577CF4500C0940E /* aoc2020swift */ = {isa = PBXFileReference; explicitFileType = "compiled.mach-o.executable"; includeInIndex = 0; path = aoc2020swift; sourceTree = BUILT_PRODUCTS_DIR; };
		6DECC76A2577CF4500C0940E /* main.swift */ = {isa = PBXFileReference; lastKnownFileType = sourcecode.swift; path = main.swift; sourceTree = "<group>"; };
/* End PBXFileReference section */

/* Begin PBXFrameworksBuildPhase section */
		6DECC7642577CF4400C0940E /* Frameworks */ = {
			isa = PBXFrameworksBuildPhase;
			buildActionMask = 2147483647;
			files = (
				6DECC7742577D00700C0940E /* ArgumentParser in Frameworks */,
			);
			runOnlyForDeploymentPostprocessing = 0;
		};
/* End PBXFrameworksBuildPhase section */

/* Begin PBXGroup section */
		6D5006D125A480F3003909FE /* days */ = {
			isa = PBXGroup;
			children = (
				6D5006D325A48104003909FE /* day1.swift */,
				6DE2D5A325A4CC7600989650 /* day2.swift */,
				6DE2D5A625A503B100989650 /* day3.swift */,
			);
			path = days;
			sourceTree = "<group>";
		};
		6D5006D725A48671003909FE /* input */ = {
			isa = PBXGroup;
			children = (
				6D5006D825A48690003909FE /* day1-sample.txt */,
			);
			path = input;
			sourceTree = "<group>";
		};
		6DECC75E2577CF4400C0940E = {
			isa = PBXGroup;
			children = (
				6DE2D5A925A51AD900989650 /* README.md */,
				6D5006D725A48671003909FE /* input */,
				6D5006D125A480F3003909FE /* days */,
				6DECC7692577CF4500C0940E /* aoc2020swift */,
				6DECC7682577CF4500C0940E /* Products */,
			);
			sourceTree = "<group>";
		};
		6DECC7682577CF4500C0940E /* Products */ = {
			isa = PBXGroup;
			children = (
				6DECC7672577CF4500C0940E /* aoc2020swift */,
			);
			name = Products;
			sourceTree = "<group>";
		};
		6DECC7692577CF4500C0940E /* aoc2020swift */ = {
			isa = PBXGroup;
			children = (
				6DECC76A2577CF4500C0940E /* main.swift */,
				6D5006CE25A47E51003909FE /* aocinf.swift */,
				6D49799825A4B5E3003E7C00 /* utils.swift */,
			);
			path = aoc2020swift;
			sourceTree = "<group>";
		};
/* End PBXGroup section */

/* Begin PBXNativeTarget section */
		6DECC7662577CF4400C0940E /* aoc2020swift */ = {
			isa = PBXNativeTarget;
			buildConfigurationList = 6DECC76E2577CF4500C0940E /* Build configuration list for PBXNativeTarget "aoc2020swift" */;
			buildPhases = (
				6DECC7632577CF4400C0940E /* Sources */,
				6DECC7642577CF4400C0940E /* Frameworks */,
				6DECC7652577CF4400C0940E /* CopyFiles */,
			);
			buildRules = (
			);
			dependencies = (
			);
			name = aoc2020swift;
			packageProductDependencies = (
				6DECC7732577D00700C0940E /* ArgumentParser */,
			);
			productName = aoc2020swift;
			productReference = 6DECC7672577CF4500C0940E /* aoc2020swift */;
			productType = "com.apple.product-type.tool";
		};
/* End PBXNativeTarget section */

/* Begin PBXProject section */
		6DECC75F2577CF4400C0940E /* Project object */ = {
			isa = PBXProject;
			attributes = {
				LastSwiftUpdateCheck = 1220;
				LastUpgradeCheck = 1220;
				TargetAttributes = {
					6DECC7662577CF4400C0940E = {
						CreatedOnToolsVersion = 12.2;
					};
				};
			};
			buildConfigurationList = 6DECC7622577CF4400C0940E /* Build configuration list for PBXProject "aoc2020swift" */;
			compatibilityVersion = "Xcode 9.3";
			developmentRegion = en;
			hasScannedForEncodings = 0;
			knownRegions = (
				en,
				Base,
			);
			mainGroup = 6DECC75E2577CF4400C0940E;
			packageReferences = (
				6DECC7722577D00700C0940E /* XCRemoteSwiftPackageReference "swift-argument-parser" */,
			);
			productRefGroup = 6DECC7682577CF4500C0940E /* Products */;
			projectDirPath = "";
			projectRoot = "";
			targets = (
				6DECC7662577CF4400C0940E /* aoc2020swift */,
			);
		};
/* End PBXProject section */

/* Begin PBXSourcesBuildPhase section */
		6DECC7632577CF4400C0940E /* Sources */ = {
			isa = PBXSourcesBuildPhase;
			buildActionMask = 2147483647;
			files = (
				6D5006D425A48104003909FE /* day1.swift in Sources */,
				6DECC76B2577CF4500C0940E /* main.swift in Sources */,
				6D5006CF25A47E51003909FE /* aocinf.swift in Sources */,
				6DE2D5A425A4CC7600989650 /* day2.swift in Sources */,
				6DE2D5A725A503B100989650 /* day3.swift in Sources */,
				6D49799925A4B5E3003E7C00 /* utils.swift in Sources */,
			);
			runOnlyForDeploymentPostprocessing = 0;
		};
/* End PBXSourcesBuildPhase section */

/* Begin XCBuildConfiguration section */
		6DECC76C2577CF4500C0940E /* Debug */ = {
			isa = XCBuildConfiguration;
			buildSettings = {
				ALWAYS_SEARCH_USER_PATHS = NO;
				CLANG_ANALYZER_NONNULL = YES;
				CLANG_ANALYZER_NUMBER_OBJECT_CONVERSION = YES_AGGRESSIVE;
				CLANG_CXX_LANGUAGE_STANDARD = "gnu++14";
				CLANG_CXX_LIBRARY = "libc++";
				CLANG_ENABLE_MODULES = YES;
				CLANG_ENABLE_OBJC_ARC = YES;
				CLANG_ENABLE_OBJC_WEAK = YES;
				CLANG_WARN_BLOCK_CAPTURE_AUTORELEASING = YES;
				CLANG_WARN_BOOL_CONVERSION = YES;
				CLANG_WARN_COMMA = YES;
				CLANG_WARN_CONSTANT_CONVERSION = YES;
				CLANG_WARN_DEPRECATED_OBJC_IMPLEMENTATIONS = YES;
				CLANG_WARN_DIRECT_OBJC_ISA_USAGE = YES_ERROR;
				CLANG_WARN_DOCUMENTATION_COMMENTS = YES;
				CLANG_WARN_EMPTY_BODY = YES;
				CLANG_WARN_ENUM_CONVERSION = YES;
				CLANG_WARN_INFINITE_RECURSION = YES;
				CLANG_WARN_INT_CONVERSION = YES;
				CLANG_WARN_NON_LITERAL_NULL_CONVERSION = YES;
				CLANG_WARN_OBJC_IMPLICIT_RETAIN_SELF = YES;
				CLANG_WARN_OBJC_LITERAL_CONVERSION = YES;
				CLANG_WARN_OBJC_ROOT_CLASS = YES_ERROR;
				CLANG_WARN_QUOTED_INCLUDE_IN_FRAMEWORK_HEADER = YES;
				CLANG_WARN_RANGE_LOOP_ANALYSIS = YES;
				CLANG_WARN_STRICT_PROTOTYPES = YES;
				CLANG_WARN_SUSPICIOUS_MOVE = YES;
				CLANG_WARN_UNGUARDED_AVAILABILITY = YES_AGGRESSIVE;
				CLANG_WARN_UNREACHABLE_CODE = YES;
				CLANG_WARN__DUPLICATE_METHOD_MATCH = YES;
				COPY_PHASE_STRIP = NO;
				DEBUG_INFORMATION_FORMAT = dwarf;
				ENABLE_STRICT_OBJC_MSGSEND = YES;
				ENABLE_TESTABILITY = YES;
				GCC_C_LANGUAGE_STANDARD = gnu11;
				GCC_DYNAMIC_NO_PIC = NO;
				GCC_NO_COMMON_BLOCKS = YES;
				GCC_OPTIMIZATION_LEVEL = 0;
				GCC_PREPROCESSOR_DEFINITIONS = (
					"DEBUG=1",
					"$(inherited)",
				);
				GCC_WARN_64_TO_32_BIT_CONVERSION = YES;
				GCC_WARN_ABOUT_RETURN_TYPE = YES_ERROR;
				GCC_WARN_UNDECLARED_SELECTOR = YES;
				GCC_WARN_UNINITIALIZED_AUTOS = YES_AGGRESSIVE;
				GCC_WARN_UNUSED_FUNCTION = YES;
				GCC_WARN_UNUSED_VARIABLE = YES;
				MACOSX_DEPLOYMENT_TARGET = 10.15;
				MTL_ENABLE_DEBUG_INFO = INCLUDE_SOURCE;
				MTL_FAST_MATH = YES;
				ONLY_ACTIVE_ARCH = YES;
				SDKROOT = macosx;
				SWIFT_ACTIVE_COMPILATION_CONDITIONS = DEBUG;
				SWIFT_OPTIMIZATION_LEVEL = "-Onone";
			};
			name = Debug;
		};
		6DECC76D2577CF4500C0940E /* Release */ = {
			isa = XCBuildConfiguration;
			buildSettings = {
				ALWAYS_SEARCH_USER_PATHS = NO;
				CLANG_ANALYZER_NONNULL = YES;
				CLANG_ANALYZER_NUMBER_OBJECT_CONVERSION = YES_AGGRESSIVE;
				CLANG_CXX_LANGUAGE_STANDARD = "gnu++14";
				CLANG_CXX_LIBRARY = "libc++";
				CLANG_ENABLE_MODULES = YES;
				CLANG_ENABLE_OBJC_ARC = YES;
				CLANG_ENABLE_OBJC_WEAK = YES;
				CLANG_WARN_BLOCK_CAPTURE_AUTORELEASING = YES;
				CLANG_WARN_BOOL_CONVERSION = YES;
				CLANG_WARN_COMMA = YES;
				CLANG_WARN_CONSTANT_CONVERSION = YES;
				CLANG_WARN_DEPRECATED_OBJC_IMPLEMENTATIONS = YES;
				CLANG_WARN_DIRECT_OBJC_ISA_USAGE = YES_ERROR;
				CLANG_WARN_DOCUMENTATION_COMMENTS = YES;
				CLANG_WARN_EMPTY_BODY = YES;
				CLANG_WARN_ENUM_CONVERSION = YES;
				CLANG_WARN_INFINITE_RECURSION = YES;
				CLANG_WARN_INT_CONVERSION = YES;
				CLANG_WARN_NON_LITERAL_NULL_CONVERSION = YES;
				CLANG_WARN_OBJC_IMPLICIT_RETAIN_SELF = YES;
				CLANG_WARN_OBJC_LITERAL_CONVERSION = YES;
				CLANG_WARN_OBJC_ROOT_CLASS = YES_ERROR;
				CLANG_WARN_QUOTED_INCLUDE_IN_FRAMEWORK_HEADER = YES;
				CLANG_WARN_RANGE_LOOP_ANALYSIS = YES;
				CLANG_WARN_STRICT_PROTOTYPES = YES;
				CLANG_WARN_SUSPICIOUS_MOVE = YES;
				CLANG_WARN_UNGUARDED_AVAILABILITY = YES_AGGRESSIVE;
				CLANG_WARN_UNREACHABLE_CODE = YES;
				CLANG_WARN__DUPLICATE_METHOD_MATCH = YES;
				COPY_PHASE_STRIP = NO;
				DEBUG_INFORMATION_FORMAT = "dwarf-with-dsym";
				ENABLE_NS_ASSERTIONS = NO;
				ENABLE_STRICT_OBJC_MSGSEND = YES;
				GCC_C_LANGUAGE_STANDARD = gnu11;
				GCC_NO_COMMON_BLOCKS = YES;
				GCC_WARN_64_TO_32_BIT_CONVERSION = YES;
				GCC_WARN_ABOUT_RETURN_TYPE = YES_ERROR;
				GCC_WARN_UNDECLARED_SELECTOR = YES;
				GCC_WARN_UNINITIALIZED_AUTOS = YES_AGGRESSIVE;
				GCC_WARN_UNUSED_FUNCTION = YES;
				GCC_WARN_UNUSED_VARIABLE = YES;
				MACOSX_DEPLOYMENT_TARGET = 10.15;
				MTL_ENABLE_DEBUG_INFO = NO;
				MTL_FAST_MATH = YES;
				SDKROOT = macosx;
				SWIFT_COMPILATION_MODE = wholemodule;
				SWIFT_OPTIMIZATION_LEVEL = "-O";
			};
			name = Release;
		};
		6DECC76F2577CF4500C0940E /* Debug */ = {
			isa = XCBuildConfiguration;
			buildSettings = {
				CODE_SIGN_STYLE = Automatic;
				DEVELOPMENT_TEAM = QR9X9U4QUX;
				ENABLE_HARDENED_RUNTIME = YES;
				PRODUCT_NAME = "$(TARGET_NAME)";
				SWIFT_VERSION = 5.0;
			};
			name = Debug;
		};
		6DECC7702577CF4500C0940E /* Release */ = {
			isa = XCBuildConfiguration;
			buildSettings = {
				CODE_SIGN_STYLE = Automatic;
				DEVELOPMENT_TEAM = QR9X9U4QUX;
				ENABLE_HARDENED_RUNTIME = YES;
				PRODUCT_NAME = "$(TARGET_NAME)";
				SWIFT_VERSION = 5.0;
			};
			name = Release;
		};
/* End XCBuildConfiguration section */

/* Begin XCConfigurationList section */
		6DECC7622577CF4400C0940E /* Build configuration list for PBXProject "aoc2020swift" */ = {
			isa = XCConfigurationList;
			buildConfigurations = (
				6DECC76C2577CF4500C0940E /* Debug */,
				6DECC76D2577CF4500C0940E /* Release */,
			);
			defaultConfigurationIsVisible = 0;
			defaultConfigurationName = Release;
		};
		6DECC76E2577CF4500C0940E /* Build configuration list for PBXNativeTarget "aoc2020swift" */ = {
			isa = XCConfigurationList;
			buildConfigurations = (
				6DECC76F2577CF4500C0940E /* Debug */,
				6DECC7702577CF4500C0940E /* Release */,
			);
			defaultConfigurationIsVisible = 0;
			defaultConfigurationName = Release;
		};
/* End XCConfigurationList section */

/* Begin XCRemoteSwiftPackageReference section */
		6DECC7722577D00700C0940E /* XCRemoteSwiftPackageReference "swift-argument-parser" */ = {
			isa = XCRemoteSwiftPackageReference;
			repositoryURL = "https://github.com/apple/swift-argument-parser";
			requirement = {
				kind = upToNextMinorVersion;
				minimumVersion = 0.3.1;
			};
		};
/* End XCRemoteSwiftPackageReference section */

/* Begin XCSwiftPackageProductDependency section */
		6DECC7732577D00700C0940E /* ArgumentParser */ = {
			isa = XCSwiftPackageProductDependency;
			package = 6DECC7722577D00700C0940E /* XCRemoteSwiftPackageReference "swift-argument-parser" */;
			productName = ArgumentParser;
		};
/* End XCSwiftPackageProductDependency section */
	};
	rootObject = 6DECC75F2577CF4400C0940E /* Project object */;
}
